
Microsoft Visual Studio Solution File, Format Version 12.00
Project("{FAE04EC0-301F-11D3-BF4B-00C04F79EFBC}") = "Messenger.Client", "Frontend\Messenger.Client\Messenger.Client.csproj", "{EE0D3A3C-4EBF-45E6-9229-A83A8125D862}"
EndProject
Project("{FAE04EC0-301F-11D3-BF4B-00C04F79EFBC}") = "Message.Api", "Services\Message\Message.Api\Message.Api.csproj", "{0BBCE6A5-3515-404B-B2E2-37B0A7BE6E3D}"
EndProject
Project("{FAE04EC0-301F-11D3-BF4B-00C04F79EFBC}") = "Pingo.Messages.Infrastructure", "Messages\Pingo.Messages\Pingo.Messages.Infrastructure\Pingo.Messages.Infrastructure.csproj", "{0B61AB7F-7459-4FE6-B9D6-58C9ECF2393A}"
EndProject
Project("{FAE04EC0-301F-11D3-BF4B-00C04F79EFBC}") = "Pingo.Messages.Application", "Messages\Pingo.Messages\Pingo.Messages.Application\Pingo.Messages.Application.csproj", "{CF21E5F3-C77C-4655-8430-6356DCCEC9DF}"
EndProject
Project("{FAE04EC0-301F-11D3-BF4B-00C04F79EFBC}") = "Pingo.Messages.Domain", "Messages\Pingo.Messages\Pingo.Messages.Domain\Pingo.Messages.Domain.csproj", "{0AD829B8-66A1-44A0-9646-0713AC599E9C}"
EndProject
Project("{2150E333-8FDC-42A3-9474-1A3956D46DE8}") = "Solution Items", "Solution Items", "{1420A66A-938A-415B-9B35-89E57D395698}"
	ProjectSection(SolutionItems) = preProject
		compose.yaml = compose.yaml
	EndProjectSection
EndProject
Project("{FAE04EC0-301F-11D3-BF4B-00C04F79EFBC}") = "Pingo.Messages.ComponentTests", "Tests\Pingo.Messages.ComponentTests\Pingo.Messages.ComponentTests.csproj", "{BA27EC7E-7D5D-46E8-9380-595E6E2677D2}"
EndProject
Project("{FAE04EC0-301F-11D3-BF4B-00C04F79EFBC}") = "Identity.Core", "Identity\Identity.Core\Identity.Core.csproj", "{BC595AF5-7979-41D2-A9AC-E36DACDA513A}"
EndProject
Project("{FAE04EC0-301F-11D3-BF4B-00C04F79EFBC}") = "Identity.Api", "Identity\Identity.Api\Identity.Api.csproj", "{A155E90F-1D5F-43E1-A30B-0CFF3D26511D}"
EndProject
Project("{2150E333-8FDC-42A3-9474-1A3956D46DE8}") = "Messages", "Messages", "{3F1437F9-84CA-1BAF-F2AD-5C20BA7C470B}"
EndProject
Project("{2150E333-8FDC-42A3-9474-1A3956D46DE8}") = "Pingo.Messages", "Pingo.Messages", "{A89AF259-FA84-1E65-5065-02506920BFB8}"
EndProject
Project("{FAE04EC0-301F-11D3-BF4B-00C04F79EFBC}") = "Pingo.Messages.UnitTests", "Messages\Pingo.Messages\Pingo.Messages.UnitTests\Pingo.Messages.UnitTests.csproj", "{7E37DD51-C378-486D-A766-E3711C757AF7}"
EndProject
Global
	GlobalSection(SolutionConfigurationPlatforms) = preSolution
		Debug|Any CPU = Debug|Any CPU
		Debug|x64 = Debug|x64
		Debug|x86 = Debug|x86
		Release|Any CPU = Release|Any CPU
		Release|x64 = Release|x64
		Release|x86 = Release|x86
	EndGlobalSection
	GlobalSection(ProjectConfigurationPlatforms) = postSolution
		{EE0D3A3C-4EBF-45E6-9229-A83A8125D862}.Debug|Any CPU.ActiveCfg = Debug|Any CPU
		{EE0D3A3C-4EBF-45E6-9229-A83A8125D862}.Debug|Any CPU.Build.0 = Debug|Any CPU
		{EE0D3A3C-4EBF-45E6-9229-A83A8125D862}.Debug|x64.ActiveCfg = Debug|Any CPU
		{EE0D3A3C-4EBF-45E6-9229-A83A8125D862}.Debug|x64.Build.0 = Debug|Any CPU
		{EE0D3A3C-4EBF-45E6-9229-A83A8125D862}.Debug|x86.ActiveCfg = Debug|Any CPU
		{EE0D3A3C-4EBF-45E6-9229-A83A8125D862}.Debug|x86.Build.0 = Debug|Any CPU
		{EE0D3A3C-4EBF-45E6-9229-A83A8125D862}.Release|Any CPU.ActiveCfg = Release|Any CPU
		{EE0D3A3C-4EBF-45E6-9229-A83A8125D862}.Release|Any CPU.Build.0 = Release|Any CPU
		{EE0D3A3C-4EBF-45E6-9229-A83A8125D862}.Release|x64.ActiveCfg = Release|Any CPU
		{EE0D3A3C-4EBF-45E6-9229-A83A8125D862}.Release|x64.Build.0 = Release|Any CPU
		{EE0D3A3C-4EBF-45E6-9229-A83A8125D862}.Release|x86.ActiveCfg = Release|Any CPU
		{EE0D3A3C-4EBF-45E6-9229-A83A8125D862}.Release|x86.Build.0 = Release|Any CPU
		{0BBCE6A5-3515-404B-B2E2-37B0A7BE6E3D}.Debug|Any CPU.ActiveCfg = Debug|Any CPU
		{0BBCE6A5-3515-404B-B2E2-37B0A7BE6E3D}.Debug|Any CPU.Build.0 = Debug|Any CPU
		{0BBCE6A5-3515-404B-B2E2-37B0A7BE6E3D}.Debug|x64.ActiveCfg = Debug|Any CPU
		{0BBCE6A5-3515-404B-B2E2-37B0A7BE6E3D}.Debug|x64.Build.0 = Debug|Any CPU
		{0BBCE6A5-3515-404B-B2E2-37B0A7BE6E3D}.Debug|x86.ActiveCfg = Debug|Any CPU
		{0BBCE6A5-3515-404B-B2E2-37B0A7BE6E3D}.Debug|x86.Build.0 = Debug|Any CPU
		{0BBCE6A5-3515-404B-B2E2-37B0A7BE6E3D}.Release|Any CPU.ActiveCfg = Release|Any CPU
		{0BBCE6A5-3515-404B-B2E2-37B0A7BE6E3D}.Release|Any CPU.Build.0 = Release|Any CPU
		{0BBCE6A5-3515-404B-B2E2-37B0A7BE6E3D}.Release|x64.ActiveCfg = Release|Any CPU
		{0BBCE6A5-3515-404B-B2E2-37B0A7BE6E3D}.Release|x64.Build.0 = Release|Any CPU
		{0BBCE6A5-3515-404B-B2E2-37B0A7BE6E3D}.Release|x86.ActiveCfg = Release|Any CPU
		{0BBCE6A5-3515-404B-B2E2-37B0A7BE6E3D}.Release|x86.Build.0 = Release|Any CPU
		{0B61AB7F-7459-4FE6-B9D6-58C9ECF2393A}.Debug|Any CPU.ActiveCfg = Debug|Any CPU
		{0B61AB7F-7459-4FE6-B9D6-58C9ECF2393A}.Debug|Any CPU.Build.0 = Debug|Any CPU
		{0B61AB7F-7459-4FE6-B9D6-58C9ECF2393A}.Debug|x64.ActiveCfg = Debug|Any CPU
		{0B61AB7F-7459-4FE6-B9D6-58C9ECF2393A}.Debug|x64.Build.0 = Debug|Any CPU
		{0B61AB7F-7459-4FE6-B9D6-58C9ECF2393A}.Debug|x86.ActiveCfg = Debug|Any CPU
		{0B61AB7F-7459-4FE6-B9D6-58C9ECF2393A}.Debug|x86.Build.0 = Debug|Any CPU
		{0B61AB7F-7459-4FE6-B9D6-58C9ECF2393A}.Release|Any CPU.ActiveCfg = Release|Any CPU
		{0B61AB7F-7459-4FE6-B9D6-58C9ECF2393A}.Release|Any CPU.Build.0 = Release|Any CPU
		{0B61AB7F-7459-4FE6-B9D6-58C9ECF2393A}.Release|x64.ActiveCfg = Release|Any CPU
		{0B61AB7F-7459-4FE6-B9D6-58C9ECF2393A}.Release|x64.Build.0 = Release|Any CPU
		{0B61AB7F-7459-4FE6-B9D6-58C9ECF2393A}.Release|x86.ActiveCfg = Release|Any CPU
		{0B61AB7F-7459-4FE6-B9D6-58C9ECF2393A}.Release|x86.Build.0 = Release|Any CPU
		{CF21E5F3-C77C-4655-8430-6356DCCEC9DF}.Debug|Any CPU.ActiveCfg = Debug|Any CPU
		{CF21E5F3-C77C-4655-8430-6356DCCEC9DF}.Debug|Any CPU.Build.0 = Debug|Any CPU
		{CF21E5F3-C77C-4655-8430-6356DCCEC9DF}.Debug|x64.ActiveCfg = Debug|Any CPU
		{CF21E5F3-C77C-4655-8430-6356DCCEC9DF}.Debug|x64.Build.0 = Debug|Any CPU
		{CF21E5F3-C77C-4655-8430-6356DCCEC9DF}.Debug|x86.ActiveCfg = Debug|Any CPU
		{CF21E5F3-C77C-4655-8430-6356DCCEC9DF}.Debug|x86.Build.0 = Debug|Any CPU
		{CF21E5F3-C77C-4655-8430-6356DCCEC9DF}.Release|Any CPU.ActiveCfg = Release|Any CPU
		{CF21E5F3-C77C-4655-8430-6356DCCEC9DF}.Release|Any CPU.Build.0 = Release|Any CPU
		{CF21E5F3-C77C-4655-8430-6356DCCEC9DF}.Release|x64.ActiveCfg = Release|Any CPU
		{CF21E5F3-C77C-4655-8430-6356DCCEC9DF}.Release|x64.Build.0 = Release|Any CPU
		{CF21E5F3-C77C-4655-8430-6356DCCEC9DF}.Release|x86.ActiveCfg = Release|Any CPU
		{CF21E5F3-C77C-4655-8430-6356DCCEC9DF}.Release|x86.Build.0 = Release|Any CPU
		{0AD829B8-66A1-44A0-9646-0713AC599E9C}.Debug|Any CPU.ActiveCfg = Debug|Any CPU
		{0AD829B8-66A1-44A0-9646-0713AC599E9C}.Debug|Any CPU.Build.0 = Debug|Any CPU
		{0AD829B8-66A1-44A0-9646-0713AC599E9C}.Debug|x64.ActiveCfg = Debug|Any CPU
		{0AD829B8-66A1-44A0-9646-0713AC599E9C}.Debug|x64.Build.0 = Debug|Any CPU
		{0AD829B8-66A1-44A0-9646-0713AC599E9C}.Debug|x86.ActiveCfg = Debug|Any CPU
		{0AD829B8-66A1-44A0-9646-0713AC599E9C}.Debug|x86.Build.0 = Debug|Any CPU
		{0AD829B8-66A1-44A0-9646-0713AC599E9C}.Release|Any CPU.ActiveCfg = Release|Any CPU
		{0AD829B8-66A1-44A0-9646-0713AC599E9C}.Release|Any CPU.Build.0 = Release|Any CPU
		{0AD829B8-66A1-44A0-9646-0713AC599E9C}.Release|x64.ActiveCfg = Release|Any CPU
		{0AD829B8-66A1-44A0-9646-0713AC599E9C}.Release|x64.Build.0 = Release|Any CPU
		{0AD829B8-66A1-44A0-9646-0713AC599E9C}.Release|x86.ActiveCfg = Release|Any CPU
		{0AD829B8-66A1-44A0-9646-0713AC599E9C}.Release|x86.Build.0 = Release|Any CPU
		{BA27EC7E-7D5D-46E8-9380-595E6E2677D2}.Debug|Any CPU.ActiveCfg = Debug|Any CPU
		{BA27EC7E-7D5D-46E8-9380-595E6E2677D2}.Debug|Any CPU.Build.0 = Debug|Any CPU
		{BA27EC7E-7D5D-46E8-9380-595E6E2677D2}.Debug|x64.ActiveCfg = Debug|Any CPU
		{BA27EC7E-7D5D-46E8-9380-595E6E2677D2}.Debug|x64.Build.0 = Debug|Any CPU
		{BA27EC7E-7D5D-46E8-9380-595E6E2677D2}.Debug|x86.ActiveCfg = Debug|Any CPU
		{BA27EC7E-7D5D-46E8-9380-595E6E2677D2}.Debug|x86.Build.0 = Debug|Any CPU
		{BA27EC7E-7D5D-46E8-9380-595E6E2677D2}.Release|Any CPU.ActiveCfg = Release|Any CPU
		{BA27EC7E-7D5D-46E8-9380-595E6E2677D2}.Release|Any CPU.Build.0 = Release|Any CPU
		{BA27EC7E-7D5D-46E8-9380-595E6E2677D2}.Release|x64.ActiveCfg = Release|Any CPU
		{BA27EC7E-7D5D-46E8-9380-595E6E2677D2}.Release|x64.Build.0 = Release|Any CPU
		{BA27EC7E-7D5D-46E8-9380-595E6E2677D2}.Release|x86.ActiveCfg = Release|Any CPU
		{BA27EC7E-7D5D-46E8-9380-595E6E2677D2}.Release|x86.Build.0 = Release|Any CPU
		{BC595AF5-7979-41D2-A9AC-E36DACDA513A}.Debug|Any CPU.ActiveCfg = Debug|Any CPU
		{BC595AF5-7979-41D2-A9AC-E36DACDA513A}.Debug|Any CPU.Build.0 = Debug|Any CPU
		{BC595AF5-7979-41D2-A9AC-E36DACDA513A}.Debug|x64.ActiveCfg = Debug|Any CPU
		{BC595AF5-7979-41D2-A9AC-E36DACDA513A}.Debug|x64.Build.0 = Debug|Any CPU
		{BC595AF5-7979-41D2-A9AC-E36DACDA513A}.Debug|x86.ActiveCfg = Debug|Any CPU
		{BC595AF5-7979-41D2-A9AC-E36DACDA513A}.Debug|x86.Build.0 = Debug|Any CPU
		{BC595AF5-7979-41D2-A9AC-E36DACDA513A}.Release|Any CPU.ActiveCfg = Release|Any CPU
		{BC595AF5-7979-41D2-A9AC-E36DACDA513A}.Release|Any CPU.Build.0 = Release|Any CPU
		{BC595AF5-7979-41D2-A9AC-E36DACDA513A}.Release|x64.ActiveCfg = Release|Any CPU
		{BC595AF5-7979-41D2-A9AC-E36DACDA513A}.Release|x64.Build.0 = Release|Any CPU
		{BC595AF5-7979-41D2-A9AC-E36DACDA513A}.Release|x86.ActiveCfg = Release|Any CPU
		{BC595AF5-7979-41D2-A9AC-E36DACDA513A}.Release|x86.Build.0 = Release|Any CPU
		{A155E90F-1D5F-43E1-A30B-0CFF3D26511D}.Debug|Any CPU.ActiveCfg = Debug|Any CPU
		{A155E90F-1D5F-43E1-A30B-0CFF3D26511D}.Debug|Any CPU.Build.0 = Debug|Any CPU
		{A155E90F-1D5F-43E1-A30B-0CFF3D26511D}.Debug|x64.ActiveCfg = Debug|Any CPU
		{A155E90F-1D5F-43E1-A30B-0CFF3D26511D}.Debug|x64.Build.0 = Debug|Any CPU
		{A155E90F-1D5F-43E1-A30B-0CFF3D26511D}.Debug|x86.ActiveCfg = Debug|Any CPU
		{A155E90F-1D5F-43E1-A30B-0CFF3D26511D}.Debug|x86.Build.0 = Debug|Any CPU
		{A155E90F-1D5F-43E1-A30B-0CFF3D26511D}.Release|Any CPU.ActiveCfg = Release|Any CPU
		{A155E90F-1D5F-43E1-A30B-0CFF3D26511D}.Release|Any CPU.Build.0 = Release|Any CPU
		{A155E90F-1D5F-43E1-A30B-0CFF3D26511D}.Release|x64.ActiveCfg = Release|Any CPU
		{A155E90F-1D5F-43E1-A30B-0CFF3D26511D}.Release|x64.Build.0 = Release|Any CPU
		{A155E90F-1D5F-43E1-A30B-0CFF3D26511D}.Release|x86.ActiveCfg = Release|Any CPU
		{A155E90F-1D5F-43E1-A30B-0CFF3D26511D}.Release|x86.Build.0 = Release|Any CPU
		{7E37DD51-C378-486D-A766-E3711C757AF7}.Debug|Any CPU.ActiveCfg = Debug|Any CPU
		{7E37DD51-C378-486D-A766-E3711C757AF7}.Debug|Any CPU.Build.0 = Debug|Any CPU
		{7E37DD51-C378-486D-A766-E3711C757AF7}.Debug|x64.ActiveCfg = Debug|Any CPU
		{7E37DD51-C378-486D-A766-E3711C757AF7}.Debug|x64.Build.0 = Debug|Any CPU
		{7E37DD51-C378-486D-A766-E3711C757AF7}.Debug|x86.ActiveCfg = Debug|Any CPU
		{7E37DD51-C378-486D-A766-E3711C757AF7}.Debug|x86.Build.0 = Debug|Any CPU
		{7E37DD51-C378-486D-A766-E3711C757AF7}.Release|Any CPU.ActiveCfg = Release|Any CPU
		{7E37DD51-C378-486D-A766-E3711C757AF7}.Release|Any CPU.Build.0 = Release|Any CPU
		{7E37DD51-C378-486D-A766-E3711C757AF7}.Release|x64.ActiveCfg = Release|Any CPU
		{7E37DD51-C378-486D-A766-E3711C757AF7}.Release|x64.Build.0 = Release|Any CPU
		{7E37DD51-C378-486D-A766-E3711C757AF7}.Release|x86.ActiveCfg = Release|Any CPU
		{7E37DD51-C378-486D-A766-E3711C757AF7}.Release|x86.Build.0 = Release|Any CPU
	EndGlobalSection
	GlobalSection(SolutionProperties) = preSolution
		HideSolutionNode = FALSE
	EndGlobalSection
	GlobalSection(NestedProjects) = preSolution
		{A89AF259-FA84-1E65-5065-02506920BFB8} = {3F1437F9-84CA-1BAF-F2AD-5C20BA7C470B}
		{7E37DD51-C378-486D-A766-E3711C757AF7} = {A89AF259-FA84-1E65-5065-02506920BFB8}
	EndGlobalSection
EndGlobal
