
Microsoft Visual Studio Solution File, Format Version 12.00
Project("{FAE04EC0-301F-11D3-BF4B-00C04F79EFBC}") = "Message", "Services\Message\Message.csproj", "{45D18AF4-68A3-4E53-A562-02075C992D44}"
EndProject
Project("{FAE04EC0-301F-11D3-BF4B-00C04F79EFBC}") = "Messenger.Client", "Frontend\Messenger.Client\Messenger.Client.csproj", "{EE0D3A3C-4EBF-45E6-9229-A83A8125D862}"
EndProject
Project("{FAE04EC0-301F-11D3-BF4B-00C04F79EFBC}") = "Message.Api", "Services\Message\Message.Api\Message.Api.csproj", "{0BBCE6A5-3515-404B-B2E2-37B0A7BE6E3D}"
EndProject
Project("{FAE04EC0-301F-11D3-BF4B-00C04F79EFBC}") = "Message.Application", "Services\Message\Message.Application\Message.Application.csproj", "{69BAE349-6732-4787-BBD2-2DE2B5AB1657}"
EndProject
Project("{FAE04EC0-301F-11D3-BF4B-00C04F79EFBC}") = "Message.Domain", "Services\Message\Message.Domain\Message.Domain.csproj", "{786E3EE8-59AE-4209-B34C-B66839E52022}"
EndProject
Project("{FAE04EC0-301F-11D3-BF4B-00C04F79EFBC}") = "Message.Infrastructure", "Services\Message\Message.Infrastructure\Message.Infrastructure.csproj", "{B71DDDBF-A09F-4988-B0E9-D3B6F329B843}"
EndProject
Project("{FAE04EC0-301F-11D3-BF4B-00C04F79EFBC}") = "Pingo.Messeges.Infrastructure", "Messages\Pingo.Messages\Pingo.Messeges.Infrastructure\Pingo.Messeges.Infrastructure.csproj", "{0B61AB7F-7459-4FE6-B9D6-58C9ECF2393A}"
EndProject
Project("{FAE04EC0-301F-11D3-BF4B-00C04F79EFBC}") = "Pingo.Messages.Application", "Messages\Pingo.Messages\Pingo.Messages.Application\Pingo.Messages.Application.csproj", "{CF21E5F3-C77C-4655-8430-6356DCCEC9DF}"
EndProject
Project("{FAE04EC0-301F-11D3-BF4B-00C04F79EFBC}") = "Pingo.Messeges.Domain", "Messages\Pingo.Messages\Pingo.Messeges.Domain\Pingo.Messeges.Domain.csproj", "{0AD829B8-66A1-44A0-9646-0713AC599E9C}"
EndProject
Project("{FAE04EC0-301F-11D3-BF4B-00C04F79EFBC}") = "Pingo.Masseges.Presentation", "Messages\Pingo.Messages\Pingo.Masseges.Presentation\Pingo.Masseges.Presentation.csproj", "{076BFEA2-37F6-4D93-B4F8-8A1C796F4F86}"
EndProject
Global
	GlobalSection(SolutionConfigurationPlatforms) = preSolution
		Debug|Any CPU = Debug|Any CPU
		Release|Any CPU = Release|Any CPU
	EndGlobalSection
	GlobalSection(ProjectConfigurationPlatforms) = postSolution
		{45D18AF4-68A3-4E53-A562-02075C992D44}.Debug|Any CPU.ActiveCfg = Debug|Any CPU
		{45D18AF4-68A3-4E53-A562-02075C992D44}.Debug|Any CPU.Build.0 = Debug|Any CPU
		{45D18AF4-68A3-4E53-A562-02075C992D44}.Release|Any CPU.ActiveCfg = Release|Any CPU
		{45D18AF4-68A3-4E53-A562-02075C992D44}.Release|Any CPU.Build.0 = Release|Any CPU
		{EE0D3A3C-4EBF-45E6-9229-A83A8125D862}.Debug|Any CPU.ActiveCfg = Debug|Any CPU
		{EE0D3A3C-4EBF-45E6-9229-A83A8125D862}.Debug|Any CPU.Build.0 = Debug|Any CPU
		{EE0D3A3C-4EBF-45E6-9229-A83A8125D862}.Release|Any CPU.ActiveCfg = Release|Any CPU
		{EE0D3A3C-4EBF-45E6-9229-A83A8125D862}.Release|Any CPU.Build.0 = Release|Any CPU
		{0BBCE6A5-3515-404B-B2E2-37B0A7BE6E3D}.Debug|Any CPU.ActiveCfg = Debug|Any CPU
		{0BBCE6A5-3515-404B-B2E2-37B0A7BE6E3D}.Debug|Any CPU.Build.0 = Debug|Any CPU
		{0BBCE6A5-3515-404B-B2E2-37B0A7BE6E3D}.Release|Any CPU.ActiveCfg = Release|Any CPU
		{0BBCE6A5-3515-404B-B2E2-37B0A7BE6E3D}.Release|Any CPU.Build.0 = Release|Any CPU
		{69BAE349-6732-4787-BBD2-2DE2B5AB1657}.Debug|Any CPU.ActiveCfg = Debug|Any CPU
		{69BAE349-6732-4787-BBD2-2DE2B5AB1657}.Debug|Any CPU.Build.0 = Debug|Any CPU
		{69BAE349-6732-4787-BBD2-2DE2B5AB1657}.Release|Any CPU.ActiveCfg = Release|Any CPU
		{69BAE349-6732-4787-BBD2-2DE2B5AB1657}.Release|Any CPU.Build.0 = Release|Any CPU
		{786E3EE8-59AE-4209-B34C-B66839E52022}.Debug|Any CPU.ActiveCfg = Debug|Any CPU
		{786E3EE8-59AE-4209-B34C-B66839E52022}.Debug|Any CPU.Build.0 = Debug|Any CPU
		{786E3EE8-59AE-4209-B34C-B66839E52022}.Release|Any CPU.ActiveCfg = Release|Any CPU
		{786E3EE8-59AE-4209-B34C-B66839E52022}.Release|Any CPU.Build.0 = Release|Any CPU
		{B71DDDBF-A09F-4988-B0E9-D3B6F329B843}.Debug|Any CPU.ActiveCfg = Debug|Any CPU
		{B71DDDBF-A09F-4988-B0E9-D3B6F329B843}.Debug|Any CPU.Build.0 = Debug|Any CPU
		{B71DDDBF-A09F-4988-B0E9-D3B6F329B843}.Release|Any CPU.ActiveCfg = Release|Any CPU
		{B71DDDBF-A09F-4988-B0E9-D3B6F329B843}.Release|Any CPU.Build.0 = Release|Any CPU
		{0B61AB7F-7459-4FE6-B9D6-58C9ECF2393A}.Debug|Any CPU.ActiveCfg = Debug|Any CPU
		{0B61AB7F-7459-4FE6-B9D6-58C9ECF2393A}.Debug|Any CPU.Build.0 = Debug|Any CPU
		{0B61AB7F-7459-4FE6-B9D6-58C9ECF2393A}.Release|Any CPU.ActiveCfg = Release|Any CPU
		{0B61AB7F-7459-4FE6-B9D6-58C9ECF2393A}.Release|Any CPU.Build.0 = Release|Any CPU
		{CF21E5F3-C77C-4655-8430-6356DCCEC9DF}.Debug|Any CPU.ActiveCfg = Debug|Any CPU
		{CF21E5F3-C77C-4655-8430-6356DCCEC9DF}.Debug|Any CPU.Build.0 = Debug|Any CPU
		{CF21E5F3-C77C-4655-8430-6356DCCEC9DF}.Release|Any CPU.ActiveCfg = Release|Any CPU
		{CF21E5F3-C77C-4655-8430-6356DCCEC9DF}.Release|Any CPU.Build.0 = Release|Any CPU
		{0AD829B8-66A1-44A0-9646-0713AC599E9C}.Debug|Any CPU.ActiveCfg = Debug|Any CPU
		{0AD829B8-66A1-44A0-9646-0713AC599E9C}.Debug|Any CPU.Build.0 = Debug|Any CPU
		{0AD829B8-66A1-44A0-9646-0713AC599E9C}.Release|Any CPU.ActiveCfg = Release|Any CPU
		{0AD829B8-66A1-44A0-9646-0713AC599E9C}.Release|Any CPU.Build.0 = Release|Any CPU
		{076BFEA2-37F6-4D93-B4F8-8A1C796F4F86}.Debug|Any CPU.ActiveCfg = Debug|Any CPU
		{076BFEA2-37F6-4D93-B4F8-8A1C796F4F86}.Debug|Any CPU.Build.0 = Debug|Any CPU
		{076BFEA2-37F6-4D93-B4F8-8A1C796F4F86}.Release|Any CPU.ActiveCfg = Release|Any CPU
		{076BFEA2-37F6-4D93-B4F8-8A1C796F4F86}.Release|Any CPU.Build.0 = Release|Any CPU
	EndGlobalSection
EndGlobal
